
Microsoft Visual Studio Solution File, Format Version 12.00
# Visual Studio Version 17
VisualStudioVersion = 17.4.33103.184
MinimumVisualStudioVersion = 10.0.40219.1
Project("{FAE04EC0-301F-11D3-BF4B-00C04F79EFBC}") = "CookingCore", "CookingCore\CookingCore.csproj", "{C59059AA-6C30-4F50-AFDE-7DCA6B980E05}"
EndProject
Project("{FAE04EC0-301F-11D3-BF4B-00C04F79EFBC}") = "CookingCLI", "CookingCLI\CookingCLI.csproj", "{434B9764-C7DA-4562-B339-11342F7C4E5A}"
EndProject
Global
	GlobalSection(SolutionConfigurationPlatforms) = preSolution
		Debug|Any CPU = Debug|Any CPU
		Release|Any CPU = Release|Any CPU
	EndGlobalSection
	GlobalSection(ProjectConfigurationPlatforms) = postSolution
		{C59059AA-6C30-4F50-AFDE-7DCA6B980E05}.Debug|Any CPU.ActiveCfg = Debug|Any CPU
		{C59059AA-6C30-4F50-AFDE-7DCA6B980E05}.Debug|Any CPU.Build.0 = Debug|Any CPU
		{C59059AA-6C30-4F50-AFDE-7DCA6B980E05}.Release|Any CPU.ActiveCfg = Release|Any CPU
		{C59059AA-6C30-4F50-AFDE-7DCA6B980E05}.Release|Any CPU.Build.0 = Release|Any CPU
		{434B9764-C7DA-4562-B339-11342F7C4E5A}.Debug|Any CPU.ActiveCfg = Debug|Any CPU
		{434B9764-C7DA-4562-B339-11342F7C4E5A}.Debug|Any CPU.Build.0 = Debug|Any CPU
		{434B9764-C7DA-4562-B339-11342F7C4E5A}.Release|Any CPU.ActiveCfg = Release|Any CPU
		{434B9764-C7DA-4562-B339-11342F7C4E5A}.Release|Any CPU.Build.0 = Release|Any CPU
	EndGlobalSection
	GlobalSection(SolutionProperties) = preSolution
		HideSolutionNode = FALSE
	EndGlobalSection
	GlobalSection(ExtensibilityGlobals) = postSolution
		SolutionGuid = {FD8BE4CB-B964-4C95-B0E5-FC1402197A98}
	EndGlobalSection
EndGlobal
